
Microsoft Visual Studio Solution File, Format Version 12.00
# Visual Studio 15
VisualStudioVersion = 15.0.26430.1
MinimumVisualStudioVersion = 10.0.40219.1
Project("{FAE04EC0-301F-11D3-BF4B-00C04F79EFBC}") = "WebApplication2", "WebApplication2\WebApplication2.csproj", "{C4A1E1C7-65E7-4932-8D65-035526F7A3AE}"
EndProject
Project("{E53339B2-1760-4266-BCC7-CA923CBCF16C}") = "docker-compose", "docker-compose.dcproj", "{C0FF897F-8CF2-4526-8F95-12DB3630BA25}"
EndProject
Global
	GlobalSection(SolutionConfigurationPlatforms) = preSolution
		Debug|Any CPU = Debug|Any CPU
		Release|Any CPU = Release|Any CPU
	EndGlobalSection
	GlobalSection(ProjectConfigurationPlatforms) = postSolution
		{C4A1E1C7-65E7-4932-8D65-035526F7A3AE}.Debug|Any CPU.ActiveCfg = Debug|Any CPU
		{C4A1E1C7-65E7-4932-8D65-035526F7A3AE}.Debug|Any CPU.Build.0 = Debug|Any CPU
		{C4A1E1C7-65E7-4932-8D65-035526F7A3AE}.Release|Any CPU.ActiveCfg = Release|Any CPU
		{C4A1E1C7-65E7-4932-8D65-035526F7A3AE}.Release|Any CPU.Build.0 = Release|Any CPU
		{C0FF897F-8CF2-4526-8F95-12DB3630BA25}.Debug|Any CPU.ActiveCfg = Debug|Any CPU
		{C0FF897F-8CF2-4526-8F95-12DB3630BA25}.Debug|Any CPU.Build.0 = Debug|Any CPU
		{C0FF897F-8CF2-4526-8F95-12DB3630BA25}.Release|Any CPU.ActiveCfg = Release|Any CPU
		{C0FF897F-8CF2-4526-8F95-12DB3630BA25}.Release|Any CPU.Build.0 = Release|Any CPU
	EndGlobalSection
	GlobalSection(SolutionProperties) = preSolution
		HideSolutionNode = FALSE
	EndGlobalSection
EndGlobal
